{
  "name": "Tourism1",
  "lockfileVersion": 3,
  "requires": true,
  "packages": {
    "": {
      "dependencies": {
        "tailwindcss-animate": "^1.0.7"
      },
      "devDependencies": {
        "tailwindcss-animated": "^2.1.0"
      }
    },
    "node_modules/tailwindcss": {
      "version": "4.3.1",
      "resolved": "https://registry.npmjs.org/tailwindcss/-/tailwindcss-4.3.1.tgz",
      "integrity": "sha512-hk+TB1m+K8CYNrP6rjQaq/Y+4Zylwpa87mLYBKCunwnnQ9p+fHb7kmSfGqyEJoxF/O6CDyABWVFEafNSYKll+Q==",
      "license": "MIT",
      "peer": true
    },
    "node_modules/tailwindcss-animate": {
      "version": "1.0.7",
      "resolved": "https://registry.npmjs.org/tailwindcss-animate/-/tailwindcss-animate-1.0.7.tgz",
      "integrity": "sha512-bl6mpH3T7I3UFxuvDEXLxy/VuFxBk5bbzplh7tXI68mwMokNYd1t9qPBHlnyTwfa4JGC4zP516I1hYYtQ/vspA==",
      "license": "MIT",
      "peerDependencies": {
        "tailwindcss": ">=3.0.0 || insiders"
      }
    },
    "node_modules/tailwindcss-animated": {
      "version": "2.1.0",
      "resolved": "https://registry.npmjs.org/tailwindcss-animated/-/tailwindcss-animated-2.1.0.tgz",
      "integrity": "sha512-KUTVvcH2YQz0W8CT6QT3zz3UdqPmvLAja/KIDqY2lmvmurKPy3g+amIWenWjEaqoo3mjycuvGhYWFuegnSsCAQ==",
      "dev": true,
      "license": "MIT",
      "peerDependencies": {
        "tailwindcss": ">=3.1.0 || >=4.0.0"
      }
    }
  }
}
